// !$*UTF8*$!
{
	archiveVersion = 1;
	classes = {
	};
	objectVersion = 50;
	objects = {

/* Begin PBXBuildFile section */
		0477FDA82216481C0085AB6E /* AppDelegate.swift in Sources */ = {isa = PBXBuildFile; fileRef = 0477FDA72216481C0085AB6E /* AppDelegate.swift */; };
		0477FDAA2216481C0085AB6E /* ViewController.swift in Sources */ = {isa = PBXBuildFile; fileRef = 0477FDA92216481C0085AB6E /* ViewController.swift */; };
		0477FDAD2216481C0085AB6E /* Main.storyboard in Resources */ = {isa = PBXBuildFile; fileRef = 0477FDAB2216481C0085AB6E /* Main.storyboard */; };
		0477FDAF2216481E0085AB6E /* Assets.xcassets in Resources */ = {isa = PBXBuildFile; fileRef = 0477FDAE2216481E0085AB6E /* Assets.xcassets */; };
		0477FDB22216481E0085AB6E /* LaunchScreen.storyboard in Resources */ = {isa = PBXBuildFile; fileRef = 0477FDB02216481E0085AB6E /* LaunchScreen.storyboard */; };
		04A6AA28223AFE1000D16664 /* LogViewModel.swift in Sources */ = {isa = PBXBuildFile; fileRef = 04A6AA27223AFE1000D16664 /* LogViewModel.swift */; };
		04A6AA2A223AFF6800D16664 /* APIClient.swift in Sources */ = {isa = PBXBuildFile; fileRef = 04A6AA29223AFF6800D16664 /* APIClient.swift */; };
		04A6AA2C224E6D8700D16664 /* ExerciseTableViewCell.swift in Sources */ = {isa = PBXBuildFile; fileRef = 04A6AA2B224E6D8700D16664 /* ExerciseTableViewCell.swift */; };
		04BDA79F226B904E00BEEBBD /* JTAppleCalendar.framework in Frameworks */ = {isa = PBXBuildFile; fileRef = 04BDA79E226B904E00BEEBBD /* JTAppleCalendar.framework */; };
		04BDA7A0226B904E00BEEBBD /* JTAppleCalendar.framework in Embed Frameworks */ = {isa = PBXBuildFile; fileRef = 04BDA79E226B904E00BEEBBD /* JTAppleCalendar.framework */; settings = {ATTRIBUTES = (CodeSignOnCopy, RemoveHeadersOnCopy, ); }; };
		04BDA7A3226B9ED600BEEBBD /* CalendarViewController.swift in Sources */ = {isa = PBXBuildFile; fileRef = 04BDA7A2226B9ED600BEEBBD /* CalendarViewController.swift */; };
		EB0941FB2256BF59004B8D1B /* AddTemplateViewController.swift in Sources */ = {isa = PBXBuildFile; fileRef = EB0941FA2256BF59004B8D1B /* AddTemplateViewController.swift */; };
		EB0941FD2256C59F004B8D1B /* TemplateExerciseTableViewCell.swift in Sources */ = {isa = PBXBuildFile; fileRef = EB0941FC2256C59F004B8D1B /* TemplateExerciseTableViewCell.swift */; };
		EB2987AF225D4574000B6856 /* AddExerciseViewController.swift in Sources */ = {isa = PBXBuildFile; fileRef = EB2987AE225D4574000B6856 /* AddExerciseViewController.swift */; };
		EB2987B1225D4B96000B6856 /* SetTableViewCell.swift in Sources */ = {isa = PBXBuildFile; fileRef = EB2987B0225D4B96000B6856 /* SetTableViewCell.swift */; };
/* End PBXBuildFile section */

/* Begin PBXCopyFilesBuildPhase section */
		04BDA7A1226B904E00BEEBBD /* Embed Frameworks */ = {
			isa = PBXCopyFilesBuildPhase;
			buildActionMask = 2147483647;
			dstPath = "";
			dstSubfolderSpec = 10;
			files = (
				04BDA7A0226B904E00BEEBBD /* JTAppleCalendar.framework in Embed Frameworks */,
			);
			name = "Embed Frameworks";
			runOnlyForDeploymentPostprocessing = 0;
		};
/* End PBXCopyFilesBuildPhase section */

/* Begin PBXFileReference section */
		0477FDA42216481C0085AB6E /* fitnesstracker.app */ = {isa = PBXFileReference; explicitFileType = wrapper.application; includeInIndex = 0; path = fitnesstracker.app; sourceTree = BUILT_PRODUCTS_DIR; };
		0477FDA72216481C0085AB6E /* AppDelegate.swift */ = {isa = PBXFileReference; lastKnownFileType = sourcecode.swift; path = AppDelegate.swift; sourceTree = "<group>"; };
		0477FDA92216481C0085AB6E /* ViewController.swift */ = {isa = PBXFileReference; lastKnownFileType = sourcecode.swift; path = ViewController.swift; sourceTree = "<group>"; };
		0477FDAC2216481C0085AB6E /* Base */ = {isa = PBXFileReference; lastKnownFileType = file.storyboard; name = Base; path = Base.lproj/Main.storyboard; sourceTree = "<group>"; };
		0477FDAE2216481E0085AB6E /* Assets.xcassets */ = {isa = PBXFileReference; lastKnownFileType = folder.assetcatalog; path = Assets.xcassets; sourceTree = "<group>"; };
		0477FDB12216481E0085AB6E /* Base */ = {isa = PBXFileReference; lastKnownFileType = file.storyboard; name = Base; path = Base.lproj/LaunchScreen.storyboard; sourceTree = "<group>"; };
		0477FDB32216481E0085AB6E /* Info.plist */ = {isa = PBXFileReference; lastKnownFileType = text.plist.xml; path = Info.plist; sourceTree = "<group>"; };
		04A6AA27223AFE1000D16664 /* LogViewModel.swift */ = {isa = PBXFileReference; lastKnownFileType = sourcecode.swift; path = LogViewModel.swift; sourceTree = "<group>"; };
		04A6AA29223AFF6800D16664 /* APIClient.swift */ = {isa = PBXFileReference; lastKnownFileType = sourcecode.swift; path = APIClient.swift; sourceTree = "<group>"; };
		04A6AA2B224E6D8700D16664 /* ExerciseTableViewCell.swift */ = {isa = PBXFileReference; lastKnownFileType = sourcecode.swift; path = ExerciseTableViewCell.swift; sourceTree = "<group>"; };
		04BDA79E226B904E00BEEBBD /* JTAppleCalendar.framework */ = {isa = PBXFileReference; lastKnownFileType = wrapper.framework; name = JTAppleCalendar.framework; path = Carthage/Build/iOS/JTAppleCalendar.framework; sourceTree = "<group>"; };
		04BDA7A2226B9ED600BEEBBD /* CalendarViewController.swift */ = {isa = PBXFileReference; lastKnownFileType = sourcecode.swift; path = CalendarViewController.swift; sourceTree = "<group>"; };
		EB0941FA2256BF59004B8D1B /* AddTemplateViewController.swift */ = {isa = PBXFileReference; lastKnownFileType = sourcecode.swift; path = AddTemplateViewController.swift; sourceTree = "<group>"; };
		EB0941FC2256C59F004B8D1B /* TemplateExerciseTableViewCell.swift */ = {isa = PBXFileReference; lastKnownFileType = sourcecode.swift; path = TemplateExerciseTableViewCell.swift; sourceTree = "<group>"; };
		EB2987AE225D4574000B6856 /* AddExerciseViewController.swift */ = {isa = PBXFileReference; lastKnownFileType = sourcecode.swift; path = AddExerciseViewController.swift; sourceTree = "<group>"; };
		EB2987B0225D4B96000B6856 /* SetTableViewCell.swift */ = {isa = PBXFileReference; lastKnownFileType = sourcecode.swift; path = SetTableViewCell.swift; sourceTree = "<group>"; };
/* End PBXFileReference section */

/* Begin PBXFrameworksBuildPhase section */
		0477FDA12216481C0085AB6E /* Frameworks */ = {
			isa = PBXFrameworksBuildPhase;
			buildActionMask = 2147483647;
			files = (
				04BDA79F226B904E00BEEBBD /* JTAppleCalendar.framework in Frameworks */,
			);
			runOnlyForDeploymentPostprocessing = 0;
		};
/* End PBXFrameworksBuildPhase section */

/* Begin PBXGroup section */
		0477FD9B2216481C0085AB6E = {
			isa = PBXGroup;
			children = (
				04BDA79E226B904E00BEEBBD /* JTAppleCalendar.framework */,
				0477FDA62216481C0085AB6E /* fitnesstracker */,
				0477FDA52216481C0085AB6E /* Products */,
			);
			sourceTree = "<group>";
		};
		0477FDA52216481C0085AB6E /* Products */ = {
			isa = PBXGroup;
			children = (
				0477FDA42216481C0085AB6E /* fitnesstracker.app */,
			);
			name = Products;
			sourceTree = "<group>";
		};
		0477FDA62216481C0085AB6E /* fitnesstracker */ = {
			isa = PBXGroup;
			children = (
				0477FDA72216481C0085AB6E /* AppDelegate.swift */,
				0477FDA92216481C0085AB6E /* ViewController.swift */,
				0477FDAB2216481C0085AB6E /* Main.storyboard */,
				04A6AA2B224E6D8700D16664 /* ExerciseTableViewCell.swift */,
				04A6AA27223AFE1000D16664 /* LogViewModel.swift */,
				04A6AA29223AFF6800D16664 /* APIClient.swift */,
				0477FDAE2216481E0085AB6E /* Assets.xcassets */,
				EB0941FA2256BF59004B8D1B /* AddTemplateViewController.swift */,
				EB2987B0225D4B96000B6856 /* SetTableViewCell.swift */,
				EB2987AE225D4574000B6856 /* AddExerciseViewController.swift */,
				0477FDB02216481E0085AB6E /* LaunchScreen.storyboard */,
				0477FDB32216481E0085AB6E /* Info.plist */,
				EB0941FC2256C59F004B8D1B /* TemplateExerciseTableViewCell.swift */,
				04BDA7A2226B9ED600BEEBBD /* CalendarViewController.swift */,
			);
			path = fitnesstracker;
			sourceTree = "<group>";
		};
/* End PBXGroup section */

/* Begin PBXNativeTarget section */
		0477FDA32216481C0085AB6E /* fitnesstracker */ = {
			isa = PBXNativeTarget;
			buildConfigurationList = 0477FDB62216481E0085AB6E /* Build configuration list for PBXNativeTarget "fitnesstracker" */;
			buildPhases = (
				0477FDA02216481C0085AB6E /* Sources */,
				0477FDA12216481C0085AB6E /* Frameworks */,
				0477FDA22216481C0085AB6E /* Resources */,
				04BDA7A1226B904E00BEEBBD /* Embed Frameworks */,
			);
			buildRules = (
			);
			dependencies = (
			);
			name = fitnesstracker;
			productName = fitnesstracker;
			productReference = 0477FDA42216481C0085AB6E /* fitnesstracker.app */;
			productType = "com.apple.product-type.application";
		};
/* End PBXNativeTarget section */

/* Begin PBXProject section */
		0477FD9C2216481C0085AB6E /* Project object */ = {
			isa = PBXProject;
			attributes = {
				LastSwiftUpdateCheck = 1010;
				LastUpgradeCheck = 1010;
				ORGANIZATIONNAME = "Andi Cho";
				TargetAttributes = {
					0477FDA32216481C0085AB6E = {
						CreatedOnToolsVersion = 10.1;
					};
				};
			};
			buildConfigurationList = 0477FD9F2216481C0085AB6E /* Build configuration list for PBXProject "fitnesstracker" */;
			compatibilityVersion = "Xcode 9.3";
			developmentRegion = en;
			hasScannedForEncodings = 0;
			knownRegions = (
				en,
				Base,
			);
			mainGroup = 0477FD9B2216481C0085AB6E;
			productRefGroup = 0477FDA52216481C0085AB6E /* Products */;
			projectDirPath = "";
			projectRoot = "";
			targets = (
				0477FDA32216481C0085AB6E /* fitnesstracker */,
			);
		};
/* End PBXProject section */

/* Begin PBXResourcesBuildPhase section */
		0477FDA22216481C0085AB6E /* Resources */ = {
			isa = PBXResourcesBuildPhase;
			buildActionMask = 2147483647;
			files = (
				0477FDB22216481E0085AB6E /* LaunchScreen.storyboard in Resources */,
				0477FDAF2216481E0085AB6E /* Assets.xcassets in Resources */,
				0477FDAD2216481C0085AB6E /* Main.storyboard in Resources */,
			);
			runOnlyForDeploymentPostprocessing = 0;
		};
/* End PBXResourcesBuildPhase section */

/* Begin PBXSourcesBuildPhase section */
		0477FDA02216481C0085AB6E /* Sources */ = {
			isa = PBXSourcesBuildPhase;
			buildActionMask = 2147483647;
			files = (
				04BDA7A3226B9ED600BEEBBD /* CalendarViewController.swift in Sources */,
				EB2987B1225D4B96000B6856 /* SetTableViewCell.swift in Sources */,
				EB0941FD2256C59F004B8D1B /* TemplateExerciseTableViewCell.swift in Sources */,
				EB0941FB2256BF59004B8D1B /* AddTemplateViewController.swift in Sources */,
				EB2987AF225D4574000B6856 /* AddExerciseViewController.swift in Sources */,
				0477FDAA2216481C0085AB6E /* ViewController.swift in Sources */,
				04A6AA2C224E6D8700D16664 /* ExerciseTableViewCell.swift in Sources */,
				04A6AA28223AFE1000D16664 /* LogViewModel.swift in Sources */,
				0477FDA82216481C0085AB6E /* AppDelegate.swift in Sources */,
				04A6AA2A223AFF6800D16664 /* APIClient.swift in Sources */,
			);
			runOnlyForDeploymentPostprocessing = 0;
		};
/* End PBXSourcesBuildPhase section */

/* Begin PBXVariantGroup section */
		0477FDAB2216481C0085AB6E /* Main.storyboard */ = {
			isa = PBXVariantGroup;
			children = (
				0477FDAC2216481C0085AB6E /* Base */,
			);
			name = Main.storyboard;
			sourceTree = "<group>";
		};
		0477FDB02216481E0085AB6E /* LaunchScreen.storyboard */ = {
			isa = PBXVariantGroup;
			children = (
				0477FDB12216481E0085AB6E /* Base */,
			);
			name = LaunchScreen.storyboard;
			sourceTree = "<group>";
		};
/* End PBXVariantGroup section */

/* Begin XCBuildConfiguration section */
		0477FDB42216481E0085AB6E /* Debug */ = {
			isa = XCBuildConfiguration;
			buildSettings = {
				ALWAYS_SEARCH_USER_PATHS = NO;
				CLANG_ANALYZER_NONNULL = YES;
				CLANG_ANALYZER_NUMBER_OBJECT_CONVERSION = YES_AGGRESSIVE;
				CLANG_CXX_LANGUAGE_STANDARD = "gnu++14";
				CLANG_CXX_LIBRARY = "libc++";
				CLANG_ENABLE_MODULES = YES;
				CLANG_ENABLE_OBJC_ARC = YES;
				CLANG_ENABLE_OBJC_WEAK = YES;
				CLANG_WARN_BLOCK_CAPTURE_AUTORELEASING = YES;
				CLANG_WARN_BOOL_CONVERSION = YES;
				CLANG_WARN_COMMA = YES;
				CLANG_WARN_CONSTANT_CONVERSION = YES;
				CLANG_WARN_DEPRECATED_OBJC_IMPLEMENTATIONS = YES;
				CLANG_WARN_DIRECT_OBJC_ISA_USAGE = YES_ERROR;
				CLANG_WARN_DOCUMENTATION_COMMENTS = YES;
				CLANG_WARN_EMPTY_BODY = YES;
				CLANG_WARN_ENUM_CONVERSION = YES;
				CLANG_WARN_INFINITE_RECURSION = YES;
				CLANG_WARN_INT_CONVERSION = YES;
				CLANG_WARN_NON_LITERAL_NULL_CONVERSION = YES;
				CLANG_WARN_OBJC_IMPLICIT_RETAIN_SELF = YES;
				CLANG_WARN_OBJC_LITERAL_CONVERSION = YES;
				CLANG_WARN_OBJC_ROOT_CLASS = YES_ERROR;
				CLANG_WARN_RANGE_LOOP_ANALYSIS = YES;
				CLANG_WARN_STRICT_PROTOTYPES = YES;
				CLANG_WARN_SUSPICIOUS_MOVE = YES;
				CLANG_WARN_UNGUARDED_AVAILABILITY = YES_AGGRESSIVE;
				CLANG_WARN_UNREACHABLE_CODE = YES;
				CLANG_WARN__DUPLICATE_METHOD_MATCH = YES;
				CODE_SIGN_IDENTITY = "iPhone Developer";
				COPY_PHASE_STRIP = NO;
				DEBUG_INFORMATION_FORMAT = dwarf;
				ENABLE_STRICT_OBJC_MSGSEND = YES;
				ENABLE_TESTABILITY = YES;
				GCC_C_LANGUAGE_STANDARD = gnu11;
				GCC_DYNAMIC_NO_PIC = NO;
				GCC_NO_COMMON_BLOCKS = YES;
				GCC_OPTIMIZATION_LEVEL = 0;
				GCC_PREPROCESSOR_DEFINITIONS = (
					"DEBUG=1",
					"$(inherited)",
				);
				GCC_WARN_64_TO_32_BIT_CONVERSION = YES;
				GCC_WARN_ABOUT_RETURN_TYPE = YES_ERROR;
				GCC_WARN_UNDECLARED_SELECTOR = YES;
				GCC_WARN_UNINITIALIZED_AUTOS = YES_AGGRESSIVE;
				GCC_WARN_UNUSED_FUNCTION = YES;
				GCC_WARN_UNUSED_VARIABLE = YES;
				IPHONEOS_DEPLOYMENT_TARGET = 12.1;
				MTL_ENABLE_DEBUG_INFO = INCLUDE_SOURCE;
				MTL_FAST_MATH = YES;
				ONLY_ACTIVE_ARCH = YES;
				SDKROOT = iphoneos;
				SWIFT_ACTIVE_COMPILATION_CONDITIONS = DEBUG;
				SWIFT_OPTIMIZATION_LEVEL = "-Onone";
			};
			name = Debug;
		};
		0477FDB52216481E0085AB6E /* Release */ = {
			isa = XCBuildConfiguration;
			buildSettings = {
				ALWAYS_SEARCH_USER_PATHS = NO;
				CLANG_ANALYZER_NONNULL = YES;
				CLANG_ANALYZER_NUMBER_OBJECT_CONVERSION = YES_AGGRESSIVE;
				CLANG_CXX_LANGUAGE_STANDARD = "gnu++14";
				CLANG_CXX_LIBRARY = "libc++";
				CLANG_ENABLE_MODULES = YES;
				CLANG_ENABLE_OBJC_ARC = YES;
				CLANG_ENABLE_OBJC_WEAK = YES;
				CLANG_WARN_BLOCK_CAPTURE_AUTORELEASING = YES;
				CLANG_WARN_BOOL_CONVERSION = YES;
				CLANG_WARN_COMMA = YES;
				CLANG_WARN_CONSTANT_CONVERSION = YES;
				CLANG_WARN_DEPRECATED_OBJC_IMPLEMENTATIONS = YES;
				CLANG_WARN_DIRECT_OBJC_ISA_USAGE = YES_ERROR;
				CLANG_WARN_DOCUMENTATION_COMMENTS = YES;
				CLANG_WARN_EMPTY_BODY = YES;
				CLANG_WARN_ENUM_CONVERSION = YES;
				CLANG_WARN_INFINITE_RECURSION = YES;
				CLANG_WARN_INT_CONVERSION = YES;
				CLANG_WARN_NON_LITERAL_NULL_CONVERSION = YES;
				CLANG_WARN_OBJC_IMPLICIT_RETAIN_SELF = YES;
				CLANG_WARN_OBJC_LITERAL_CONVERSION = YES;
				CLANG_WARN_OBJC_ROOT_CLASS = YES_ERROR;
				CLANG_WARN_RANGE_LOOP_ANALYSIS = YES;
				CLANG_WARN_STRICT_PROTOTYPES = YES;
				CLANG_WARN_SUSPICIOUS_MOVE = YES;
				CLANG_WARN_UNGUARDED_AVAILABILITY = YES_AGGRESSIVE;
				CLANG_WARN_UNREACHABLE_CODE = YES;
				CLANG_WARN__DUPLICATE_METHOD_MATCH = YES;
				CODE_SIGN_IDENTITY = "iPhone Developer";
				COPY_PHASE_STRIP = NO;
				DEBUG_INFORMATION_FORMAT = "dwarf-with-dsym";
				ENABLE_NS_ASSERTIONS = NO;
				ENABLE_STRICT_OBJC_MSGSEND = YES;
				GCC_C_LANGUAGE_STANDARD = gnu11;
				GCC_NO_COMMON_BLOCKS = YES;
				GCC_WARN_64_TO_32_BIT_CONVERSION = YES;
				GCC_WARN_ABOUT_RETURN_TYPE = YES_ERROR;
				GCC_WARN_UNDECLARED_SELECTOR = YES;
				GCC_WARN_UNINITIALIZED_AUTOS = YES_AGGRESSIVE;
				GCC_WARN_UNUSED_FUNCTION = YES;
				GCC_WARN_UNUSED_VARIABLE = YES;
				IPHONEOS_DEPLOYMENT_TARGET = 12.1;
				MTL_ENABLE_DEBUG_INFO = NO;
				MTL_FAST_MATH = YES;
				SDKROOT = iphoneos;
				SWIFT_COMPILATION_MODE = wholemodule;
				SWIFT_OPTIMIZATION_LEVEL = "-O";
				VALIDATE_PRODUCT = YES;
			};
			name = Release;
		};
		0477FDB72216481E0085AB6E /* Debug */ = {
			isa = XCBuildConfiguration;
			buildSettings = {
				ASSETCATALOG_COMPILER_APPICON_NAME = AppIcon;
				CODE_SIGN_STYLE = Automatic;
				FRAMEWORK_SEARCH_PATHS = (
					"$(inherited)",
					"$(PROJECT_DIR)/Carthage/Build/iOS",
				);
				INFOPLIST_FILE = fitnesstracker/Info.plist;
				LD_RUNPATH_SEARCH_PATHS = (
					"$(inherited)",
					"@executable_path/Frameworks",
				);
				PRODUCT_BUNDLE_IDENTIFIER = com.example.fitnesstracker;
				PRODUCT_NAME = "$(TARGET_NAME)";
				SWIFT_VERSION = 4.2;
				TARGETED_DEVICE_FAMILY = "1,2";
			};
			name = Debug;
		};
		0477FDB82216481E0085AB6E /* Release */ = {
			isa = XCBuildConfiguration;
			buildSettings = {
				ASSETCATALOG_COMPILER_APPICON_NAME = AppIcon;
				CODE_SIGN_STYLE = Automatic;
				FRAMEWORK_SEARCH_PATHS = (
					"$(inherited)",
					"$(PROJECT_DIR)/Carthage/Build/iOS",
				);
				INFOPLIST_FILE = fitnesstracker/Info.plist;
				LD_RUNPATH_SEARCH_PATHS = (
					"$(inherited)",
					"@executable_path/Frameworks",
				);
				PRODUCT_BUNDLE_IDENTIFIER = com.example.fitnesstracker;
				PRODUCT_NAME = "$(TARGET_NAME)";
				SWIFT_VERSION = 4.2;
				TARGETED_DEVICE_FAMILY = "1,2";
			};
			name = Release;
		};
/* End XCBuildConfiguration section */

/* Begin XCConfigurationList section */
		0477FD9F2216481C0085AB6E /* Build configuration list for PBXProject "fitnesstracker" */ = {
			isa = XCConfigurationList;
			buildConfigurations = (
				0477FDB42216481E0085AB6E /* Debug */,
				0477FDB52216481E0085AB6E /* Release */,
			);
			defaultConfigurationIsVisible = 0;
			defaultConfigurationName = Release;
		};
		0477FDB62216481E0085AB6E /* Build configuration list for PBXNativeTarget "fitnesstracker" */ = {
			isa = XCConfigurationList;
			buildConfigurations = (
				0477FDB72216481E0085AB6E /* Debug */,
				0477FDB82216481E0085AB6E /* Release */,
			);
			defaultConfigurationIsVisible = 0;
			defaultConfigurationName = Release;
		};
/* End XCConfigurationList section */
	};
	rootObject = 0477FD9C2216481C0085AB6E /* Project object */;
}
